
Microsoft Visual Studio Solution File, Format Version 12.00
# Visual Studio 2012
Project("{2150E333-8FDC-42A3-9474-1A3956D46DE8}") = "Server", "Server", "{305705AD-BBCA-42F1-B607-DA1158D0B042}"
EndProject
Project("{2150E333-8FDC-42A3-9474-1A3956D46DE8}") = "Client", "Client", "{4EA73291-C6D2-483F-80EB-57F5AF3B6B17}"
EndProject
Project("{2150E333-8FDC-42A3-9474-1A3956D46DE8}") = "Documentation", "Documentation", "{49A74228-9CCA-4AD7-9BED-0FCB33A36441}"
	ProjectSection(SolutionItems) = preProject
		Documentation\Mason-draft-1.md = Documentation\Mason-draft-1.md
		README.md = README.md
		Documentation\reltypes.html = Documentation\reltypes.html
	EndProjectSection
EndProject
Project("{FAE04EC0-301F-11D3-BF4B-00C04F79EFBC}") = "ApiExplorer", "Client\ApiExplorer\ApiExplorer.csproj", "{EDBAA853-053A-40E6-A03C-0161D3ED4968}"
EndProject
Project("{FAE04EC0-301F-11D3-BF4B-00C04F79EFBC}") = "Mason.IssueTracker.Server.Domain", "Server\Mason.IssueTracker.Server.Domain\Mason.IssueTracker.Server.Domain.csproj", "{7982AD31-0DE8-481F-B1BB-FE3B906B8DDE}"
EndProject
Project("{FAE04EC0-301F-11D3-BF4B-00C04F79EFBC}") = "Mason.IssueTracker.Server", "Server\Mason.IssueTracker.Server\Mason.IssueTracker.Server.csproj", "{E91EAD7E-6ADC-42D2-8D19-EA144174EA78}"
EndProject
Project("{FAE04EC0-301F-11D3-BF4B-00C04F79EFBC}") = "Mason.IssueTracker.Server.Host", "Server\Mason.IssueTracker.Server.Host\Mason.IssueTracker.Server.Host.csproj", "{65C2C002-8973-48D9-86D3-C688BD2F5C5B}"
EndProject
Project("{FAE04EC0-301F-11D3-BF4B-00C04F79EFBC}") = "Mason.IssueTracker.Server.Domain.NHibernate", "Server\Mason.IssueTracker.Server.Domain.NHibernate\Mason.IssueTracker.Server.Domain.NHibernate.csproj", "{63A1FD80-F0F5-4961-A744-1C9D6F71F7A3}"
EndProject
Project("{930C7802-8A8C-48F9-8165-68863BCCD9DD}") = "ApiExplorerInstaller", "ApiExplorerInstaller\ApiExplorerInstaller.wixproj", "{2C383012-2B63-4766-899A-40DF7CF724B3}"
EndProject
Project("{FAE04EC0-301F-11D3-BF4B-00C04F79EFBC}") = "MasonBuilder.Net", "MasonBuilder.Net\MasonBuilder.Net.csproj", "{F28F9BC9-A5FC-47B4-A3C5-27A5E9D0BCBD}"
EndProject
Global
	GlobalSection(SolutionConfigurationPlatforms) = preSolution
		Debug|Any CPU = Debug|Any CPU
		Debug|Mixed Platforms = Debug|Mixed Platforms
		Debug|x86 = Debug|x86
		Release|Any CPU = Release|Any CPU
		Release|Mixed Platforms = Release|Mixed Platforms
		Release|x86 = Release|x86
	EndGlobalSection
	GlobalSection(ProjectConfigurationPlatforms) = postSolution
		{EDBAA853-053A-40E6-A03C-0161D3ED4968}.Debug|Any CPU.ActiveCfg = Debug|Any CPU
		{EDBAA853-053A-40E6-A03C-0161D3ED4968}.Debug|Any CPU.Build.0 = Debug|Any CPU
		{EDBAA853-053A-40E6-A03C-0161D3ED4968}.Debug|Mixed Platforms.ActiveCfg = Debug|Any CPU
		{EDBAA853-053A-40E6-A03C-0161D3ED4968}.Debug|Mixed Platforms.Build.0 = Debug|Any CPU
		{EDBAA853-053A-40E6-A03C-0161D3ED4968}.Debug|x86.ActiveCfg = Debug|Any CPU
		{EDBAA853-053A-40E6-A03C-0161D3ED4968}.Release|Any CPU.ActiveCfg = Release|Any CPU
		{EDBAA853-053A-40E6-A03C-0161D3ED4968}.Release|Any CPU.Build.0 = Release|Any CPU
		{EDBAA853-053A-40E6-A03C-0161D3ED4968}.Release|Mixed Platforms.ActiveCfg = Release|Any CPU
		{EDBAA853-053A-40E6-A03C-0161D3ED4968}.Release|Mixed Platforms.Build.0 = Release|Any CPU
		{EDBAA853-053A-40E6-A03C-0161D3ED4968}.Release|x86.ActiveCfg = Release|Any CPU
		{7982AD31-0DE8-481F-B1BB-FE3B906B8DDE}.Debug|Any CPU.ActiveCfg = Debug|Any CPU
		{7982AD31-0DE8-481F-B1BB-FE3B906B8DDE}.Debug|Any CPU.Build.0 = Debug|Any CPU
		{7982AD31-0DE8-481F-B1BB-FE3B906B8DDE}.Debug|Mixed Platforms.ActiveCfg = Debug|Any CPU
		{7982AD31-0DE8-481F-B1BB-FE3B906B8DDE}.Debug|Mixed Platforms.Build.0 = Debug|Any CPU
		{7982AD31-0DE8-481F-B1BB-FE3B906B8DDE}.Debug|x86.ActiveCfg = Debug|Any CPU
		{7982AD31-0DE8-481F-B1BB-FE3B906B8DDE}.Release|Any CPU.ActiveCfg = Release|Any CPU
		{7982AD31-0DE8-481F-B1BB-FE3B906B8DDE}.Release|Any CPU.Build.0 = Release|Any CPU
		{7982AD31-0DE8-481F-B1BB-FE3B906B8DDE}.Release|Mixed Platforms.ActiveCfg = Release|Any CPU
		{7982AD31-0DE8-481F-B1BB-FE3B906B8DDE}.Release|Mixed Platforms.Build.0 = Release|Any CPU
		{7982AD31-0DE8-481F-B1BB-FE3B906B8DDE}.Release|x86.ActiveCfg = Release|Any CPU
		{E91EAD7E-6ADC-42D2-8D19-EA144174EA78}.Debug|Any CPU.ActiveCfg = Debug|Any CPU
		{E91EAD7E-6ADC-42D2-8D19-EA144174EA78}.Debug|Any CPU.Build.0 = Debug|Any CPU
		{E91EAD7E-6ADC-42D2-8D19-EA144174EA78}.Debug|Mixed Platforms.ActiveCfg = Debug|Any CPU
		{E91EAD7E-6ADC-42D2-8D19-EA144174EA78}.Debug|Mixed Platforms.Build.0 = Debug|Any CPU
		{E91EAD7E-6ADC-42D2-8D19-EA144174EA78}.Debug|x86.ActiveCfg = Debug|Any CPU
		{E91EAD7E-6ADC-42D2-8D19-EA144174EA78}.Release|Any CPU.ActiveCfg = Release|Any CPU
		{E91EAD7E-6ADC-42D2-8D19-EA144174EA78}.Release|Any CPU.Build.0 = Release|Any CPU
		{E91EAD7E-6ADC-42D2-8D19-EA144174EA78}.Release|Mixed Platforms.ActiveCfg = Release|Any CPU
		{E91EAD7E-6ADC-42D2-8D19-EA144174EA78}.Release|Mixed Platforms.Build.0 = Release|Any CPU
		{E91EAD7E-6ADC-42D2-8D19-EA144174EA78}.Release|x86.ActiveCfg = Release|Any CPU
		{65C2C002-8973-48D9-86D3-C688BD2F5C5B}.Debug|Any CPU.ActiveCfg = Debug|Any CPU
		{65C2C002-8973-48D9-86D3-C688BD2F5C5B}.Debug|Any CPU.Build.0 = Debug|Any CPU
		{65C2C002-8973-48D9-86D3-C688BD2F5C5B}.Debug|Mixed Platforms.ActiveCfg = Debug|Any CPU
		{65C2C002-8973-48D9-86D3-C688BD2F5C5B}.Debug|Mixed Platforms.Build.0 = Debug|Any CPU
		{65C2C002-8973-48D9-86D3-C688BD2F5C5B}.Debug|x86.ActiveCfg = Debug|Any CPU
		{65C2C002-8973-48D9-86D3-C688BD2F5C5B}.Release|Any CPU.ActiveCfg = Release|Any CPU
		{65C2C002-8973-48D9-86D3-C688BD2F5C5B}.Release|Any CPU.Build.0 = Release|Any CPU
		{65C2C002-8973-48D9-86D3-C688BD2F5C5B}.Release|Mixed Platforms.ActiveCfg = Release|Any CPU
		{65C2C002-8973-48D9-86D3-C688BD2F5C5B}.Release|Mixed Platforms.Build.0 = Release|Any CPU
		{65C2C002-8973-48D9-86D3-C688BD2F5C5B}.Release|x86.ActiveCfg = Release|Any CPU
		{63A1FD80-F0F5-4961-A744-1C9D6F71F7A3}.Debug|Any CPU.ActiveCfg = Debug|Any CPU
		{63A1FD80-F0F5-4961-A744-1C9D6F71F7A3}.Debug|Any CPU.Build.0 = Debug|Any CPU
		{63A1FD80-F0F5-4961-A744-1C9D6F71F7A3}.Debug|Mixed Platforms.ActiveCfg = Debug|Any CPU
		{63A1FD80-F0F5-4961-A744-1C9D6F71F7A3}.Debug|Mixed Platforms.Build.0 = Debug|Any CPU
		{63A1FD80-F0F5-4961-A744-1C9D6F71F7A3}.Debug|x86.ActiveCfg = Debug|Any CPU
		{63A1FD80-F0F5-4961-A744-1C9D6F71F7A3}.Release|Any CPU.ActiveCfg = Release|Any CPU
		{63A1FD80-F0F5-4961-A744-1C9D6F71F7A3}.Release|Any CPU.Build.0 = Release|Any CPU
		{63A1FD80-F0F5-4961-A744-1C9D6F71F7A3}.Release|Mixed Platforms.ActiveCfg = Release|Any CPU
		{63A1FD80-F0F5-4961-A744-1C9D6F71F7A3}.Release|Mixed Platforms.Build.0 = Release|Any CPU
		{63A1FD80-F0F5-4961-A744-1C9D6F71F7A3}.Release|x86.ActiveCfg = Release|Any CPU
		{2C383012-2B63-4766-899A-40DF7CF724B3}.Debug|Any CPU.ActiveCfg = Debug|x86
		{2C383012-2B63-4766-899A-40DF7CF724B3}.Debug|Mixed Platforms.ActiveCfg = Debug|x86
		{2C383012-2B63-4766-899A-40DF7CF724B3}.Debug|Mixed Platforms.Build.0 = Debug|x86
		{2C383012-2B63-4766-899A-40DF7CF724B3}.Debug|x86.ActiveCfg = Debug|x86
		{2C383012-2B63-4766-899A-40DF7CF724B3}.Debug|x86.Build.0 = Debug|x86
		{2C383012-2B63-4766-899A-40DF7CF724B3}.Release|Any CPU.ActiveCfg = Release|x86
		{2C383012-2B63-4766-899A-40DF7CF724B3}.Release|Mixed Platforms.ActiveCfg = Release|x86
		{2C383012-2B63-4766-899A-40DF7CF724B3}.Release|Mixed Platforms.Build.0 = Release|x86
		{2C383012-2B63-4766-899A-40DF7CF724B3}.Release|x86.ActiveCfg = Release|x86
		{2C383012-2B63-4766-899A-40DF7CF724B3}.Release|x86.Build.0 = Release|x86
		{F28F9BC9-A5FC-47B4-A3C5-27A5E9D0BCBD}.Debug|Any CPU.ActiveCfg = Debug|Any CPU
		{F28F9BC9-A5FC-47B4-A3C5-27A5E9D0BCBD}.Debug|Any CPU.Build.0 = Debug|Any CPU
		{F28F9BC9-A5FC-47B4-A3C5-27A5E9D0BCBD}.Debug|Mixed Platforms.ActiveCfg = Debug|Any CPU
		{F28F9BC9-A5FC-47B4-A3C5-27A5E9D0BCBD}.Debug|Mixed Platforms.Build.0 = Debug|Any CPU
		{F28F9BC9-A5FC-47B4-A3C5-27A5E9D0BCBD}.Debug|x86.ActiveCfg = Debug|Any CPU
		{F28F9BC9-A5FC-47B4-A3C5-27A5E9D0BCBD}.Release|Any CPU.ActiveCfg = Release|Any CPU
		{F28F9BC9-A5FC-47B4-A3C5-27A5E9D0BCBD}.Release|Any CPU.Build.0 = Release|Any CPU
		{F28F9BC9-A5FC-47B4-A3C5-27A5E9D0BCBD}.Release|Mixed Platforms.ActiveCfg = Release|Any CPU
		{F28F9BC9-A5FC-47B4-A3C5-27A5E9D0BCBD}.Release|Mixed Platforms.Build.0 = Release|Any CPU
		{F28F9BC9-A5FC-47B4-A3C5-27A5E9D0BCBD}.Release|x86.ActiveCfg = Release|Any CPU
	EndGlobalSection
	GlobalSection(SolutionProperties) = preSolution
		HideSolutionNode = FALSE
	EndGlobalSection
	GlobalSection(NestedProjects) = preSolution
		{7982AD31-0DE8-481F-B1BB-FE3B906B8DDE} = {305705AD-BBCA-42F1-B607-DA1158D0B042}
		{E91EAD7E-6ADC-42D2-8D19-EA144174EA78} = {305705AD-BBCA-42F1-B607-DA1158D0B042}
		{65C2C002-8973-48D9-86D3-C688BD2F5C5B} = {305705AD-BBCA-42F1-B607-DA1158D0B042}
		{63A1FD80-F0F5-4961-A744-1C9D6F71F7A3} = {305705AD-BBCA-42F1-B607-DA1158D0B042}
		{EDBAA853-053A-40E6-A03C-0161D3ED4968} = {4EA73291-C6D2-483F-80EB-57F5AF3B6B17}
	EndGlobalSection
EndGlobal
